
Microsoft Visual Studio Solution File, Format Version 12.00
# Visual Studio Version 16
VisualStudioVersion = 16.0.31702.278
MinimumVisualStudioVersion = 10.0.40219.1
Project("{FAE04EC0-301F-11D3-BF4B-00C04F79EFBC}") = "PasswordChecker", "PasswordChecker.csproj", "{527A831E-5EA4-4891-8723-3C9254017C7D}"
EndProject
Project("{FAE04EC0-301F-11D3-BF4B-00C04F79EFBC}") = "PasswordCheckerTests", "..\PasswordCheckerTests\PasswordCheckerTests.csproj", "{80D39106-059E-40DF-BFA9-0A230F0B789C}"
EndProject
Global
	GlobalSection(SolutionConfigurationPlatforms) = preSolution
		Debug|Any CPU = Debug|Any CPU
		Release|Any CPU = Release|Any CPU
	EndGlobalSection
	GlobalSection(ProjectConfigurationPlatforms) = postSolution
		{527A831E-5EA4-4891-8723-3C9254017C7D}.Debug|Any CPU.ActiveCfg = Debug|Any CPU
		{527A831E-5EA4-4891-8723-3C9254017C7D}.Debug|Any CPU.Build.0 = Debug|Any CPU
		{527A831E-5EA4-4891-8723-3C9254017C7D}.Release|Any CPU.ActiveCfg = Release|Any CPU
		{527A831E-5EA4-4891-8723-3C9254017C7D}.Release|Any CPU.Build.0 = Release|Any CPU
		{80D39106-059E-40DF-BFA9-0A230F0B789C}.Debug|Any CPU.ActiveCfg = Debug|Any CPU
		{80D39106-059E-40DF-BFA9-0A230F0B789C}.Debug|Any CPU.Build.0 = Debug|Any CPU
		{80D39106-059E-40DF-BFA9-0A230F0B789C}.Release|Any CPU.ActiveCfg = Release|Any CPU
		{80D39106-059E-40DF-BFA9-0A230F0B789C}.Release|Any CPU.Build.0 = Release|Any CPU
	EndGlobalSection
	GlobalSection(SolutionProperties) = preSolution
		HideSolutionNode = FALSE
	EndGlobalSection
	GlobalSection(ExtensibilityGlobals) = postSolution
		SolutionGuid = {8596255A-15D2-4B55-A95D-A69C446201DB}
	EndGlobalSection
EndGlobal
